
Microsoft Visual Studio Solution File, Format Version 12.00
# Visual Studio Version 17
VisualStudioVersion = 17.0.32112.339
MinimumVisualStudioVersion = 10.0.40219.1
Project("{9A19103F-16F7-4668-BE54-9A1E7A4F7556}") = "SerializIt.Generator", "SerializIt.Generator\SerializIt.Generator.csproj", "{F19C4ADE-09AE-40BA-8314-7A382DB183BC}"
EndProject
Project("{2150E333-8FDC-42A3-9474-1A3956D46DE8}") = "Samples", "Samples", "{7738C107-EE93-483F-90F8-F1AA2E3354B8}"
EndProject
Project("{9A19103F-16F7-4668-BE54-9A1E7A4F7556}") = "Samples", "Samples\Samples.csproj", "{A012F9DD-4791-4A6B-BB22-9579AE91BF84}"
EndProject
Project("{FAE04EC0-301F-11D3-BF4B-00C04F79EFBC}") = "SerializIt.Benchmarks", "SerializIt.Benchmarks\SerializIt.Benchmarks.csproj", "{74A6ABA4-8726-48BF-A72D-DA1D58BAF46F}"
EndProject
Global
	GlobalSection(SolutionConfigurationPlatforms) = preSolution
		Debug|Any CPU = Debug|Any CPU
		Release|Any CPU = Release|Any CPU
	EndGlobalSection
	GlobalSection(ProjectConfigurationPlatforms) = postSolution
		{F19C4ADE-09AE-40BA-8314-7A382DB183BC}.Debug|Any CPU.ActiveCfg = Debug|Any CPU
		{F19C4ADE-09AE-40BA-8314-7A382DB183BC}.Debug|Any CPU.Build.0 = Debug|Any CPU
		{F19C4ADE-09AE-40BA-8314-7A382DB183BC}.Release|Any CPU.ActiveCfg = Release|Any CPU
		{F19C4ADE-09AE-40BA-8314-7A382DB183BC}.Release|Any CPU.Build.0 = Release|Any CPU
		{A012F9DD-4791-4A6B-BB22-9579AE91BF84}.Debug|Any CPU.ActiveCfg = Debug|Any CPU
		{A012F9DD-4791-4A6B-BB22-9579AE91BF84}.Debug|Any CPU.Build.0 = Debug|Any CPU
		{A012F9DD-4791-4A6B-BB22-9579AE91BF84}.Release|Any CPU.ActiveCfg = Release|Any CPU
		{A012F9DD-4791-4A6B-BB22-9579AE91BF84}.Release|Any CPU.Build.0 = Release|Any CPU
		{74A6ABA4-8726-48BF-A72D-DA1D58BAF46F}.Debug|Any CPU.ActiveCfg = Debug|Any CPU
		{74A6ABA4-8726-48BF-A72D-DA1D58BAF46F}.Debug|Any CPU.Build.0 = Debug|Any CPU
		{74A6ABA4-8726-48BF-A72D-DA1D58BAF46F}.Release|Any CPU.ActiveCfg = Release|Any CPU
		{74A6ABA4-8726-48BF-A72D-DA1D58BAF46F}.Release|Any CPU.Build.0 = Release|Any CPU
	EndGlobalSection
	GlobalSection(SolutionProperties) = preSolution
		HideSolutionNode = FALSE
	EndGlobalSection
	GlobalSection(NestedProjects) = preSolution
		{A012F9DD-4791-4A6B-BB22-9579AE91BF84} = {7738C107-EE93-483F-90F8-F1AA2E3354B8}
		{74A6ABA4-8726-48BF-A72D-DA1D58BAF46F} = {7738C107-EE93-483F-90F8-F1AA2E3354B8}
	EndGlobalSection
	GlobalSection(ExtensibilityGlobals) = postSolution
		SolutionGuid = {CF7267D9-19A0-482C-BC10-A5D9221654AE}
	EndGlobalSection
EndGlobal
