
Microsoft Visual Studio Solution File, Format Version 12.00
# Visual Studio Version 17
VisualStudioVersion = 17.1.32414.318
MinimumVisualStudioVersion = 10.0.40219.1
Project("{9A19103F-16F7-4668-BE54-9A1E7A4F7556}") = "Samples", "Samples.csproj", "{FC6EF2CF-58F2-4C98-9FC6-9D4458266C19}"
EndProject
Global
	GlobalSection(SolutionConfigurationPlatforms) = preSolution
		Debug|Any CPU = Debug|Any CPU
		Release|Any CPU = Release|Any CPU
	EndGlobalSection
	GlobalSection(ProjectConfigurationPlatforms) = postSolution
		{FC6EF2CF-58F2-4C98-9FC6-9D4458266C19}.Debug|Any CPU.ActiveCfg = Debug|Any CPU
		{FC6EF2CF-58F2-4C98-9FC6-9D4458266C19}.Debug|Any CPU.Build.0 = Debug|Any CPU
		{FC6EF2CF-58F2-4C98-9FC6-9D4458266C19}.Release|Any CPU.ActiveCfg = Release|Any CPU
		{FC6EF2CF-58F2-4C98-9FC6-9D4458266C19}.Release|Any CPU.Build.0 = Release|Any CPU
	EndGlobalSection
	GlobalSection(SolutionProperties) = preSolution
		HideSolutionNode = FALSE
	EndGlobalSection
	GlobalSection(ExtensibilityGlobals) = postSolution
		SolutionGuid = {C6649A8D-1BFD-4340-A603-6E129F724608}
	EndGlobalSection
EndGlobal
